
Microsoft Visual Studio Solution File, Format Version 12.00
# Visual Studio Express 2012 for Windows Desktop
Project("{FAE04EC0-301F-11D3-BF4B-00C04F79EFBC}") = "PrimaryDesktopTransfer", "PrimaryDesktopTransfer\PrimaryDesktopTransfer.csproj", "{24924363-5DCD-4A73-B313-EDB35A844D50}"
EndProject
Global
	GlobalSection(SolutionConfigurationPlatforms) = preSolution
		Debug|Any CPU = Debug|Any CPU
		Release|Any CPU = Release|Any CPU
	EndGlobalSection
	GlobalSection(ProjectConfigurationPlatforms) = postSolution
		{24924363-5DCD-4A73-B313-EDB35A844D50}.Debug|Any CPU.ActiveCfg = Debug|Any CPU
		{24924363-5DCD-4A73-B313-EDB35A844D50}.Debug|Any CPU.Build.0 = Debug|Any CPU
		{24924363-5DCD-4A73-B313-EDB35A844D50}.Release|Any CPU.ActiveCfg = Release|Any CPU
		{24924363-5DCD-4A73-B313-EDB35A844D50}.Release|Any CPU.Build.0 = Release|Any CPU
	EndGlobalSection
	GlobalSection(SolutionProperties) = preSolution
		HideSolutionNode = FALSE
	EndGlobalSection
EndGlobal
